
Microsoft Visual Studio Solution File, Format Version 12.00
# Visual Studio 15
Project("{FAE04EC0-301F-11D3-BF4B-00C04F79EFBC}") = "Capibara.Core", "Capibara.Core\Capibara.Core.csproj", "{7488546C-4728-43D5-BBB6-CF04FCBFF3A2}"
EndProject
Project("{FAE04EC0-301F-11D3-BF4B-00C04F79EFBC}") = "Capibara.DataProviders", "Capibara.DataProviders\Capibara.DataProviders.csproj", "{DEC13912-221F-4B46-BF06-F12EB82675B8}"
EndProject
Project("{FAE04EC0-301F-11D3-BF4B-00C04F79EFBC}") = "Capibara", "Capibara\Capibara.csproj", "{70FE4818-E067-4089-BE55-E079A8408E31}"
EndProject
Project("{FAE04EC0-301F-11D3-BF4B-00C04F79EFBC}") = "Capibara.Test", "Capibara.Test\Capibara.Test.csproj", "{7AA24429-7CF0-4135-B664-F89AB9A9350D}"
EndProject
Project("{FAE04EC0-301F-11D3-BF4B-00C04F79EFBC}") = "Capibara.Domain", "Capibara.Domain\Capibara.Domain.csproj", "{F527D974-E29D-4A9D-9638-0D6B54DBBCD2}"
EndProject
Project("{FAE04EC0-301F-11D3-BF4B-00C04F79EFBC}") = "Capibara.Presentation", "Capibara.Presentation\Capibara.Presentation.csproj", "{C0DBBAFF-A2D3-4A86-B11A-368F537FE385}"
EndProject
Project("{FAE04EC0-301F-11D3-BF4B-00C04F79EFBC}") = "Capibara.Data", "Capibara.Data\Capibara.Data.csproj", "{FD69D21E-7941-44FE-9DBA-7C0D4169694D}"
EndProject
Project("{FAE04EC0-301F-11D3-BF4B-00C04F79EFBC}") = "Capibara.Domain.Fixture", "Capibara.Domain.Fixture\Capibara.Domain.Fixture.csproj", "{395AE463-42F9-409E-8AF1-D06543343D1F}"
EndProject
Global
	GlobalSection(SolutionConfigurationPlatforms) = preSolution
		Debug|x86 = Debug|x86
		Release|x86 = Release|x86
	EndGlobalSection
	GlobalSection(ProjectConfigurationPlatforms) = postSolution
		{7488546C-4728-43D5-BBB6-CF04FCBFF3A2}.Debug|x86.ActiveCfg = Debug|Any CPU
		{7488546C-4728-43D5-BBB6-CF04FCBFF3A2}.Debug|x86.Build.0 = Debug|Any CPU
		{7488546C-4728-43D5-BBB6-CF04FCBFF3A2}.Release|x86.ActiveCfg = Release|Any CPU
		{7488546C-4728-43D5-BBB6-CF04FCBFF3A2}.Release|x86.Build.0 = Release|Any CPU
		{DEC13912-221F-4B46-BF06-F12EB82675B8}.Debug|x86.ActiveCfg = Debug|Any CPU
		{DEC13912-221F-4B46-BF06-F12EB82675B8}.Debug|x86.Build.0 = Debug|Any CPU
		{DEC13912-221F-4B46-BF06-F12EB82675B8}.Release|x86.ActiveCfg = Release|Any CPU
		{DEC13912-221F-4B46-BF06-F12EB82675B8}.Release|x86.Build.0 = Release|Any CPU
		{70FE4818-E067-4089-BE55-E079A8408E31}.Debug|x86.ActiveCfg = Debug|Any CPU
		{70FE4818-E067-4089-BE55-E079A8408E31}.Debug|x86.Build.0 = Debug|Any CPU
		{70FE4818-E067-4089-BE55-E079A8408E31}.Release|x86.ActiveCfg = Release|Any CPU
		{70FE4818-E067-4089-BE55-E079A8408E31}.Release|x86.Build.0 = Release|Any CPU
		{F527D974-E29D-4A9D-9638-0D6B54DBBCD2}.Debug|x86.ActiveCfg = Debug|Any CPU
		{F527D974-E29D-4A9D-9638-0D6B54DBBCD2}.Debug|x86.Build.0 = Debug|Any CPU
		{F527D974-E29D-4A9D-9638-0D6B54DBBCD2}.Release|x86.ActiveCfg = Release|Any CPU
		{F527D974-E29D-4A9D-9638-0D6B54DBBCD2}.Release|x86.Build.0 = Release|Any CPU
		{C0DBBAFF-A2D3-4A86-B11A-368F537FE385}.Debug|x86.ActiveCfg = Debug|Any CPU
		{C0DBBAFF-A2D3-4A86-B11A-368F537FE385}.Debug|x86.Build.0 = Debug|Any CPU
		{C0DBBAFF-A2D3-4A86-B11A-368F537FE385}.Release|x86.ActiveCfg = Release|Any CPU
		{C0DBBAFF-A2D3-4A86-B11A-368F537FE385}.Release|x86.Build.0 = Release|Any CPU
		{FD69D21E-7941-44FE-9DBA-7C0D4169694D}.Debug|x86.ActiveCfg = Debug|Any CPU
		{FD69D21E-7941-44FE-9DBA-7C0D4169694D}.Debug|x86.Build.0 = Debug|Any CPU
		{FD69D21E-7941-44FE-9DBA-7C0D4169694D}.Release|x86.ActiveCfg = Release|Any CPU
		{FD69D21E-7941-44FE-9DBA-7C0D4169694D}.Release|x86.Build.0 = Release|Any CPU
		{395AE463-42F9-409E-8AF1-D06543343D1F}.Debug|x86.ActiveCfg = Debug|Any CPU
		{395AE463-42F9-409E-8AF1-D06543343D1F}.Debug|x86.Build.0 = Debug|Any CPU
		{395AE463-42F9-409E-8AF1-D06543343D1F}.Release|x86.ActiveCfg = Release|Any CPU
		{395AE463-42F9-409E-8AF1-D06543343D1F}.Release|x86.Build.0 = Release|Any CPU
		{7AA24429-7CF0-4135-B664-F89AB9A9350D}.Debug|x86.ActiveCfg = Debug|Any CPU
		{7AA24429-7CF0-4135-B664-F89AB9A9350D}.Debug|x86.Build.0 = Debug|Any CPU
		{7AA24429-7CF0-4135-B664-F89AB9A9350D}.Release|x86.ActiveCfg = Release|Any CPU
		{7AA24429-7CF0-4135-B664-F89AB9A9350D}.Release|x86.Build.0 = Release|Any CPU
	EndGlobalSection
EndGlobal
