
Microsoft Visual Studio Solution File, Format Version 12.00
# Visual Studio 15
Project("{FAE04EC0-301F-11D3-BF4B-00C04F79EFBC}") = "Capibara.Core", "Capibara.Core\Capibara.Core.csproj", "{7488546C-4728-43D5-BBB6-CF04FCBFF3A2}"
EndProject
Project("{FAE04EC0-301F-11D3-BF4B-00C04F79EFBC}") = "Capibara.DataProviders", "Capibara.DataProviders\Capibara.DataProviders.csproj", "{DEC13912-221F-4B46-BF06-F12EB82675B8}"
EndProject
Project("{FAE04EC0-301F-11D3-BF4B-00C04F79EFBC}") = "Capibara", "Capibara\Capibara.csproj", "{70FE4818-E067-4089-BE55-E079A8408E31}"
EndProject
Project("{FAE04EC0-301F-11D3-BF4B-00C04F79EFBC}") = "Capibara.Test", "Capibara.Test\Capibara.Test.csproj", "{0A8F7CD0-CA80-4A81-8C7D-86271E6E5257}"
EndProject
Global
	GlobalSection(SolutionConfigurationPlatforms) = preSolution
		Debug|x86 = Debug|x86
		Release|x86 = Release|x86
	EndGlobalSection
	GlobalSection(ProjectConfigurationPlatforms) = postSolution
		{7488546C-4728-43D5-BBB6-CF04FCBFF3A2}.Debug|x86.ActiveCfg = Debug|Any CPU
		{7488546C-4728-43D5-BBB6-CF04FCBFF3A2}.Debug|x86.Build.0 = Debug|Any CPU
		{7488546C-4728-43D5-BBB6-CF04FCBFF3A2}.Release|x86.ActiveCfg = Release|Any CPU
		{7488546C-4728-43D5-BBB6-CF04FCBFF3A2}.Release|x86.Build.0 = Release|Any CPU
		{DEC13912-221F-4B46-BF06-F12EB82675B8}.Debug|x86.ActiveCfg = Debug|Any CPU
		{DEC13912-221F-4B46-BF06-F12EB82675B8}.Debug|x86.Build.0 = Debug|Any CPU
		{DEC13912-221F-4B46-BF06-F12EB82675B8}.Release|x86.ActiveCfg = Release|Any CPU
		{DEC13912-221F-4B46-BF06-F12EB82675B8}.Release|x86.Build.0 = Release|Any CPU
		{70FE4818-E067-4089-BE55-E079A8408E31}.Debug|x86.ActiveCfg = Debug|Any CPU
		{70FE4818-E067-4089-BE55-E079A8408E31}.Debug|x86.Build.0 = Debug|Any CPU
		{70FE4818-E067-4089-BE55-E079A8408E31}.Release|x86.ActiveCfg = Release|Any CPU
		{70FE4818-E067-4089-BE55-E079A8408E31}.Release|x86.Build.0 = Release|Any CPU
		{0A8F7CD0-CA80-4A81-8C7D-86271E6E5257}.Debug|x86.ActiveCfg = Debug|Any CPU
		{0A8F7CD0-CA80-4A81-8C7D-86271E6E5257}.Debug|x86.Build.0 = Debug|Any CPU
		{0A8F7CD0-CA80-4A81-8C7D-86271E6E5257}.Release|x86.ActiveCfg = Release|Any CPU
		{0A8F7CD0-CA80-4A81-8C7D-86271E6E5257}.Release|x86.Build.0 = Release|Any CPU
	EndGlobalSection
EndGlobal
