
Microsoft Visual Studio Solution File, Format Version 12.00
# Visual Studio 15
Project("{FAE04EC0-301F-11D3-BF4B-00C04F79EFBC}") = "Capibara.Core", "Capibara.Core\Capibara.Core.csproj", "{5A8DA176-4793-4F03-8647-18860A608D82}"
EndProject
Project("{FAE04EC0-301F-11D3-BF4B-00C04F79EFBC}") = "Capibara.DataProviders", "Capibara.DataProviders\Capibara.DataProviders.csproj", "{437540CE-92C4-455D-BF9B-638CF50129F1}"
EndProject
Project("{FAE04EC0-301F-11D3-BF4B-00C04F79EFBC}") = "PhotoTweaks", "PhotoTweaks\PhotoTweaks.csproj", "{48F310DF-A93C-4C76-A6F7-8916E2B0995D}"
EndProject
Project("{FAE04EC0-301F-11D3-BF4B-00C04F79EFBC}") = "RSKImageCropper", "RSKImageCropper\RSKImageCropper.csproj", "{8E17A920-62A9-4D18-9D2D-C591EBE2963F}"
EndProject
Project("{FAE04EC0-301F-11D3-BF4B-00C04F79EFBC}") = "Capibara", "Capibara\Capibara.csproj", "{46EEA3AA-8612-49D0-84BB-902AA1BDAAC9}"
EndProject
Project("{FAE04EC0-301F-11D3-BF4B-00C04F79EFBC}") = "Capibara.Test", "Capibara.Test\Capibara.Test.csproj", "{7AA24429-7CF0-4135-B664-F89AB9A9350D}"
EndProject
Project("{FAE04EC0-301F-11D3-BF4B-00C04F79EFBC}") = "Capibara.Android", "Capibara.Android\Capibara.Android.csproj", "{3D13BF37-0E39-43E9-951E-7252DEA2EF10}"
EndProject
Project("{FAE04EC0-301F-11D3-BF4B-00C04F79EFBC}") = "Capibara.iOS", "Capibara.iOS\Capibara.iOS.csproj", "{70AF572F-9E69-4150-82F5-0EBF566D43DA}"
EndProject
Project("{FAE04EC0-301F-11D3-BF4B-00C04F79EFBC}") = "Capibara.Domain", "Capibara.Domain\Capibara.Domain.csproj", "{DA17E671-951B-430D-884D-AB2110B66AA8}"
EndProject
Global
	GlobalSection(SolutionConfigurationPlatforms) = preSolution
		Debug|Any CPU = Debug|Any CPU
		Release|Any CPU = Release|Any CPU
		Debug|iPhoneSimulator = Debug|iPhoneSimulator
		Release|iPhoneSimulator = Release|iPhoneSimulator
		Debug|iPhone = Debug|iPhone
		Release|iPhone = Release|iPhone
		Ad-Hoc|iPhone = Ad-Hoc|iPhone
		AppStore|iPhone = AppStore|iPhone
	EndGlobalSection
	GlobalSection(ProjectConfigurationPlatforms) = postSolution
		{5A8DA176-4793-4F03-8647-18860A608D82}.Debug|Any CPU.ActiveCfg = Debug|Any CPU
		{5A8DA176-4793-4F03-8647-18860A608D82}.Debug|Any CPU.Build.0 = Debug|Any CPU
		{5A8DA176-4793-4F03-8647-18860A608D82}.Release|Any CPU.ActiveCfg = Release|Any CPU
		{5A8DA176-4793-4F03-8647-18860A608D82}.Release|Any CPU.Build.0 = Release|Any CPU
		{5A8DA176-4793-4F03-8647-18860A608D82}.Debug|iPhoneSimulator.ActiveCfg = Debug|Any CPU
		{5A8DA176-4793-4F03-8647-18860A608D82}.Debug|iPhoneSimulator.Build.0 = Debug|Any CPU
		{5A8DA176-4793-4F03-8647-18860A608D82}.Release|iPhoneSimulator.ActiveCfg = Release|Any CPU
		{5A8DA176-4793-4F03-8647-18860A608D82}.Release|iPhoneSimulator.Build.0 = Release|Any CPU
		{5A8DA176-4793-4F03-8647-18860A608D82}.Debug|iPhone.ActiveCfg = Debug|Any CPU
		{5A8DA176-4793-4F03-8647-18860A608D82}.Debug|iPhone.Build.0 = Debug|Any CPU
		{5A8DA176-4793-4F03-8647-18860A608D82}.Release|iPhone.ActiveCfg = Release|Any CPU
		{5A8DA176-4793-4F03-8647-18860A608D82}.Release|iPhone.Build.0 = Release|Any CPU
		{5A8DA176-4793-4F03-8647-18860A608D82}.Ad-Hoc|iPhone.ActiveCfg = Debug|Any CPU
		{5A8DA176-4793-4F03-8647-18860A608D82}.Ad-Hoc|iPhone.Build.0 = Debug|Any CPU
		{5A8DA176-4793-4F03-8647-18860A608D82}.AppStore|iPhone.ActiveCfg = Debug|Any CPU
		{5A8DA176-4793-4F03-8647-18860A608D82}.AppStore|iPhone.Build.0 = Debug|Any CPU
		{437540CE-92C4-455D-BF9B-638CF50129F1}.Debug|Any CPU.ActiveCfg = Debug|Any CPU
		{437540CE-92C4-455D-BF9B-638CF50129F1}.Debug|Any CPU.Build.0 = Debug|Any CPU
		{437540CE-92C4-455D-BF9B-638CF50129F1}.Release|Any CPU.ActiveCfg = Release|Any CPU
		{437540CE-92C4-455D-BF9B-638CF50129F1}.Release|Any CPU.Build.0 = Release|Any CPU
		{437540CE-92C4-455D-BF9B-638CF50129F1}.Debug|iPhoneSimulator.ActiveCfg = Debug|Any CPU
		{437540CE-92C4-455D-BF9B-638CF50129F1}.Debug|iPhoneSimulator.Build.0 = Debug|Any CPU
		{437540CE-92C4-455D-BF9B-638CF50129F1}.Release|iPhoneSimulator.ActiveCfg = Release|Any CPU
		{437540CE-92C4-455D-BF9B-638CF50129F1}.Release|iPhoneSimulator.Build.0 = Release|Any CPU
		{437540CE-92C4-455D-BF9B-638CF50129F1}.Debug|iPhone.ActiveCfg = Debug|Any CPU
		{437540CE-92C4-455D-BF9B-638CF50129F1}.Debug|iPhone.Build.0 = Debug|Any CPU
		{437540CE-92C4-455D-BF9B-638CF50129F1}.Release|iPhone.ActiveCfg = Release|Any CPU
		{437540CE-92C4-455D-BF9B-638CF50129F1}.Release|iPhone.Build.0 = Release|Any CPU
		{437540CE-92C4-455D-BF9B-638CF50129F1}.Ad-Hoc|iPhone.ActiveCfg = Debug|Any CPU
		{437540CE-92C4-455D-BF9B-638CF50129F1}.Ad-Hoc|iPhone.Build.0 = Debug|Any CPU
		{437540CE-92C4-455D-BF9B-638CF50129F1}.AppStore|iPhone.ActiveCfg = Debug|Any CPU
		{437540CE-92C4-455D-BF9B-638CF50129F1}.AppStore|iPhone.Build.0 = Debug|Any CPU
		{48F310DF-A93C-4C76-A6F7-8916E2B0995D}.Debug|Any CPU.ActiveCfg = Debug|Any CPU
		{48F310DF-A93C-4C76-A6F7-8916E2B0995D}.Debug|Any CPU.Build.0 = Debug|Any CPU
		{48F310DF-A93C-4C76-A6F7-8916E2B0995D}.Release|Any CPU.ActiveCfg = Release|Any CPU
		{48F310DF-A93C-4C76-A6F7-8916E2B0995D}.Release|Any CPU.Build.0 = Release|Any CPU
		{48F310DF-A93C-4C76-A6F7-8916E2B0995D}.Debug|iPhoneSimulator.ActiveCfg = Debug|Any CPU
		{48F310DF-A93C-4C76-A6F7-8916E2B0995D}.Debug|iPhoneSimulator.Build.0 = Debug|Any CPU
		{48F310DF-A93C-4C76-A6F7-8916E2B0995D}.Release|iPhoneSimulator.ActiveCfg = Release|Any CPU
		{48F310DF-A93C-4C76-A6F7-8916E2B0995D}.Release|iPhoneSimulator.Build.0 = Release|Any CPU
		{48F310DF-A93C-4C76-A6F7-8916E2B0995D}.Debug|iPhone.ActiveCfg = Debug|Any CPU
		{48F310DF-A93C-4C76-A6F7-8916E2B0995D}.Debug|iPhone.Build.0 = Debug|Any CPU
		{48F310DF-A93C-4C76-A6F7-8916E2B0995D}.Release|iPhone.ActiveCfg = Release|Any CPU
		{48F310DF-A93C-4C76-A6F7-8916E2B0995D}.Release|iPhone.Build.0 = Release|Any CPU
		{48F310DF-A93C-4C76-A6F7-8916E2B0995D}.Ad-Hoc|iPhone.ActiveCfg = Debug|Any CPU
		{48F310DF-A93C-4C76-A6F7-8916E2B0995D}.Ad-Hoc|iPhone.Build.0 = Debug|Any CPU
		{48F310DF-A93C-4C76-A6F7-8916E2B0995D}.AppStore|iPhone.ActiveCfg = Debug|Any CPU
		{48F310DF-A93C-4C76-A6F7-8916E2B0995D}.AppStore|iPhone.Build.0 = Debug|Any CPU
		{8E17A920-62A9-4D18-9D2D-C591EBE2963F}.Debug|Any CPU.ActiveCfg = Debug|Any CPU
		{8E17A920-62A9-4D18-9D2D-C591EBE2963F}.Debug|Any CPU.Build.0 = Debug|Any CPU
		{8E17A920-62A9-4D18-9D2D-C591EBE2963F}.Release|Any CPU.ActiveCfg = Release|Any CPU
		{8E17A920-62A9-4D18-9D2D-C591EBE2963F}.Release|Any CPU.Build.0 = Release|Any CPU
		{8E17A920-62A9-4D18-9D2D-C591EBE2963F}.Debug|iPhoneSimulator.ActiveCfg = Debug|Any CPU
		{8E17A920-62A9-4D18-9D2D-C591EBE2963F}.Debug|iPhoneSimulator.Build.0 = Debug|Any CPU
		{8E17A920-62A9-4D18-9D2D-C591EBE2963F}.Release|iPhoneSimulator.ActiveCfg = Release|Any CPU
		{8E17A920-62A9-4D18-9D2D-C591EBE2963F}.Release|iPhoneSimulator.Build.0 = Release|Any CPU
		{8E17A920-62A9-4D18-9D2D-C591EBE2963F}.Debug|iPhone.ActiveCfg = Debug|Any CPU
		{8E17A920-62A9-4D18-9D2D-C591EBE2963F}.Debug|iPhone.Build.0 = Debug|Any CPU
		{8E17A920-62A9-4D18-9D2D-C591EBE2963F}.Release|iPhone.ActiveCfg = Release|Any CPU
		{8E17A920-62A9-4D18-9D2D-C591EBE2963F}.Release|iPhone.Build.0 = Release|Any CPU
		{8E17A920-62A9-4D18-9D2D-C591EBE2963F}.Ad-Hoc|iPhone.ActiveCfg = Debug|Any CPU
		{8E17A920-62A9-4D18-9D2D-C591EBE2963F}.Ad-Hoc|iPhone.Build.0 = Debug|Any CPU
		{8E17A920-62A9-4D18-9D2D-C591EBE2963F}.AppStore|iPhone.ActiveCfg = Debug|Any CPU
		{8E17A920-62A9-4D18-9D2D-C591EBE2963F}.AppStore|iPhone.Build.0 = Debug|Any CPU
		{46EEA3AA-8612-49D0-84BB-902AA1BDAAC9}.Debug|Any CPU.ActiveCfg = Debug|Any CPU
		{46EEA3AA-8612-49D0-84BB-902AA1BDAAC9}.Debug|Any CPU.Build.0 = Debug|Any CPU
		{46EEA3AA-8612-49D0-84BB-902AA1BDAAC9}.Release|Any CPU.ActiveCfg = Release|Any CPU
		{46EEA3AA-8612-49D0-84BB-902AA1BDAAC9}.Release|Any CPU.Build.0 = Release|Any CPU
		{46EEA3AA-8612-49D0-84BB-902AA1BDAAC9}.Debug|iPhoneSimulator.ActiveCfg = Debug|Any CPU
		{46EEA3AA-8612-49D0-84BB-902AA1BDAAC9}.Debug|iPhoneSimulator.Build.0 = Debug|Any CPU
		{46EEA3AA-8612-49D0-84BB-902AA1BDAAC9}.Release|iPhoneSimulator.ActiveCfg = Release|Any CPU
		{46EEA3AA-8612-49D0-84BB-902AA1BDAAC9}.Release|iPhoneSimulator.Build.0 = Release|Any CPU
		{46EEA3AA-8612-49D0-84BB-902AA1BDAAC9}.Debug|iPhone.ActiveCfg = Debug|Any CPU
		{46EEA3AA-8612-49D0-84BB-902AA1BDAAC9}.Debug|iPhone.Build.0 = Debug|Any CPU
		{46EEA3AA-8612-49D0-84BB-902AA1BDAAC9}.Release|iPhone.ActiveCfg = Release|Any CPU
		{46EEA3AA-8612-49D0-84BB-902AA1BDAAC9}.Release|iPhone.Build.0 = Release|Any CPU
		{46EEA3AA-8612-49D0-84BB-902AA1BDAAC9}.Ad-Hoc|iPhone.ActiveCfg = Debug|Any CPU
		{46EEA3AA-8612-49D0-84BB-902AA1BDAAC9}.Ad-Hoc|iPhone.Build.0 = Debug|Any CPU
		{46EEA3AA-8612-49D0-84BB-902AA1BDAAC9}.AppStore|iPhone.ActiveCfg = Debug|Any CPU
		{46EEA3AA-8612-49D0-84BB-902AA1BDAAC9}.AppStore|iPhone.Build.0 = Debug|Any CPU
		{7AA24429-7CF0-4135-B664-F89AB9A9350D}.Debug|Any CPU.ActiveCfg = Debug|Any CPU
		{7AA24429-7CF0-4135-B664-F89AB9A9350D}.Debug|Any CPU.Build.0 = Debug|Any CPU
		{7AA24429-7CF0-4135-B664-F89AB9A9350D}.Release|Any CPU.ActiveCfg = Release|Any CPU
		{7AA24429-7CF0-4135-B664-F89AB9A9350D}.Release|Any CPU.Build.0 = Release|Any CPU
		{7AA24429-7CF0-4135-B664-F89AB9A9350D}.Debug|iPhoneSimulator.ActiveCfg = Debug|Any CPU
		{7AA24429-7CF0-4135-B664-F89AB9A9350D}.Debug|iPhoneSimulator.Build.0 = Debug|Any CPU
		{7AA24429-7CF0-4135-B664-F89AB9A9350D}.Release|iPhoneSimulator.ActiveCfg = Release|Any CPU
		{7AA24429-7CF0-4135-B664-F89AB9A9350D}.Release|iPhoneSimulator.Build.0 = Release|Any CPU
		{7AA24429-7CF0-4135-B664-F89AB9A9350D}.Debug|iPhone.ActiveCfg = Debug|Any CPU
		{7AA24429-7CF0-4135-B664-F89AB9A9350D}.Debug|iPhone.Build.0 = Debug|Any CPU
		{7AA24429-7CF0-4135-B664-F89AB9A9350D}.Release|iPhone.ActiveCfg = Release|Any CPU
		{7AA24429-7CF0-4135-B664-F89AB9A9350D}.Release|iPhone.Build.0 = Release|Any CPU
		{7AA24429-7CF0-4135-B664-F89AB9A9350D}.Ad-Hoc|iPhone.ActiveCfg = Debug|Any CPU
		{7AA24429-7CF0-4135-B664-F89AB9A9350D}.Ad-Hoc|iPhone.Build.0 = Debug|Any CPU
		{7AA24429-7CF0-4135-B664-F89AB9A9350D}.AppStore|iPhone.ActiveCfg = Debug|Any CPU
		{7AA24429-7CF0-4135-B664-F89AB9A9350D}.AppStore|iPhone.Build.0 = Debug|Any CPU
		{3D13BF37-0E39-43E9-951E-7252DEA2EF10}.Debug|Any CPU.ActiveCfg = Debug|Any CPU
		{3D13BF37-0E39-43E9-951E-7252DEA2EF10}.Debug|Any CPU.Build.0 = Debug|Any CPU
		{3D13BF37-0E39-43E9-951E-7252DEA2EF10}.Release|Any CPU.ActiveCfg = Release|Any CPU
		{3D13BF37-0E39-43E9-951E-7252DEA2EF10}.Release|Any CPU.Build.0 = Release|Any CPU
		{3D13BF37-0E39-43E9-951E-7252DEA2EF10}.Debug|iPhoneSimulator.ActiveCfg = Debug|Any CPU
		{3D13BF37-0E39-43E9-951E-7252DEA2EF10}.Debug|iPhoneSimulator.Build.0 = Debug|Any CPU
		{3D13BF37-0E39-43E9-951E-7252DEA2EF10}.Release|iPhoneSimulator.ActiveCfg = Release|Any CPU
		{3D13BF37-0E39-43E9-951E-7252DEA2EF10}.Release|iPhoneSimulator.Build.0 = Release|Any CPU
		{3D13BF37-0E39-43E9-951E-7252DEA2EF10}.Debug|iPhone.ActiveCfg = Debug|Any CPU
		{3D13BF37-0E39-43E9-951E-7252DEA2EF10}.Debug|iPhone.Build.0 = Debug|Any CPU
		{3D13BF37-0E39-43E9-951E-7252DEA2EF10}.Release|iPhone.ActiveCfg = Release|Any CPU
		{3D13BF37-0E39-43E9-951E-7252DEA2EF10}.Release|iPhone.Build.0 = Release|Any CPU
		{3D13BF37-0E39-43E9-951E-7252DEA2EF10}.Ad-Hoc|iPhone.ActiveCfg = Debug|Any CPU
		{3D13BF37-0E39-43E9-951E-7252DEA2EF10}.Ad-Hoc|iPhone.Build.0 = Debug|Any CPU
		{3D13BF37-0E39-43E9-951E-7252DEA2EF10}.AppStore|iPhone.ActiveCfg = Debug|Any CPU
		{3D13BF37-0E39-43E9-951E-7252DEA2EF10}.AppStore|iPhone.Build.0 = Debug|Any CPU
		{70AF572F-9E69-4150-82F5-0EBF566D43DA}.Debug|Any CPU.ActiveCfg = Debug|iPhoneSimulator
		{70AF572F-9E69-4150-82F5-0EBF566D43DA}.Debug|Any CPU.Build.0 = Debug|iPhoneSimulator
		{70AF572F-9E69-4150-82F5-0EBF566D43DA}.Release|Any CPU.ActiveCfg = Release|iPhoneSimulator
		{70AF572F-9E69-4150-82F5-0EBF566D43DA}.Release|Any CPU.Build.0 = Release|iPhoneSimulator
		{70AF572F-9E69-4150-82F5-0EBF566D43DA}.Debug|iPhoneSimulator.ActiveCfg = Debug|iPhoneSimulator
		{70AF572F-9E69-4150-82F5-0EBF566D43DA}.Debug|iPhoneSimulator.Build.0 = Debug|iPhoneSimulator
		{70AF572F-9E69-4150-82F5-0EBF566D43DA}.Release|iPhoneSimulator.ActiveCfg = Release|iPhoneSimulator
		{70AF572F-9E69-4150-82F5-0EBF566D43DA}.Release|iPhoneSimulator.Build.0 = Release|iPhoneSimulator
		{70AF572F-9E69-4150-82F5-0EBF566D43DA}.Debug|iPhone.ActiveCfg = Debug|iPhone
		{70AF572F-9E69-4150-82F5-0EBF566D43DA}.Debug|iPhone.Build.0 = Debug|iPhone
		{70AF572F-9E69-4150-82F5-0EBF566D43DA}.Release|iPhone.ActiveCfg = Release|iPhone
		{70AF572F-9E69-4150-82F5-0EBF566D43DA}.Release|iPhone.Build.0 = Release|iPhone
		{70AF572F-9E69-4150-82F5-0EBF566D43DA}.Ad-Hoc|iPhone.ActiveCfg = Ad-Hoc|iPhone
		{70AF572F-9E69-4150-82F5-0EBF566D43DA}.Ad-Hoc|iPhone.Build.0 = Ad-Hoc|iPhone
		{70AF572F-9E69-4150-82F5-0EBF566D43DA}.AppStore|iPhone.ActiveCfg = AppStore|iPhone
		{70AF572F-9E69-4150-82F5-0EBF566D43DA}.AppStore|iPhone.Build.0 = AppStore|iPhone
		{DA17E671-951B-430D-884D-AB2110B66AA8}.Debug|Any CPU.ActiveCfg = Debug|Any CPU
		{DA17E671-951B-430D-884D-AB2110B66AA8}.Debug|Any CPU.Build.0 = Debug|Any CPU
		{DA17E671-951B-430D-884D-AB2110B66AA8}.Release|Any CPU.ActiveCfg = Release|Any CPU
		{DA17E671-951B-430D-884D-AB2110B66AA8}.Release|Any CPU.Build.0 = Release|Any CPU
		{DA17E671-951B-430D-884D-AB2110B66AA8}.Debug|iPhoneSimulator.ActiveCfg = Debug|Any CPU
		{DA17E671-951B-430D-884D-AB2110B66AA8}.Debug|iPhoneSimulator.Build.0 = Debug|Any CPU
		{DA17E671-951B-430D-884D-AB2110B66AA8}.Release|iPhoneSimulator.ActiveCfg = Release|Any CPU
		{DA17E671-951B-430D-884D-AB2110B66AA8}.Release|iPhoneSimulator.Build.0 = Release|Any CPU
		{DA17E671-951B-430D-884D-AB2110B66AA8}.Debug|iPhone.ActiveCfg = Debug|Any CPU
		{DA17E671-951B-430D-884D-AB2110B66AA8}.Debug|iPhone.Build.0 = Debug|Any CPU
		{DA17E671-951B-430D-884D-AB2110B66AA8}.Release|iPhone.ActiveCfg = Release|Any CPU
		{DA17E671-951B-430D-884D-AB2110B66AA8}.Release|iPhone.Build.0 = Release|Any CPU
		{DA17E671-951B-430D-884D-AB2110B66AA8}.Ad-Hoc|iPhone.ActiveCfg = Release|Any CPU
		{DA17E671-951B-430D-884D-AB2110B66AA8}.Ad-Hoc|iPhone.Build.0 = Release|Any CPU
		{DA17E671-951B-430D-884D-AB2110B66AA8}.AppStore|iPhone.ActiveCfg = Release|Any CPU
		{DA17E671-951B-430D-884D-AB2110B66AA8}.AppStore|iPhone.Build.0 = Release|Any CPU
	EndGlobalSection
EndGlobal
